
Microsoft Visual Studio Solution File, Format Version 11.00
# Visual Studio 2010
Project("{FAE04EC0-301F-11D3-BF4B-00C04F79EFBC}") = "MPDCWP", "MPDCWP\MPDCWP.csproj", "{4690AB5E-B2D0-4B60-9B7B-DF055041A167}"
EndProject
Project("{FAE04EC0-301F-11D3-BF4B-00C04F79EFBC}") = "MusicPlayerLibrary", "MusicPlayerLibrary\MusicPlayerLibrary.csproj", "{93EB8C01-AE9D-4FB6-8BC2-F5DDB57D9428}"
EndProject
Project("{FAE04EC0-301F-11D3-BF4B-00C04F79EFBC}") = "ImageDownloaderLibrary", "ImageDownloaderLibrary\ImageDownloaderLibrary.csproj", "{68075132-1DF7-4D52-A670-F1B11C1418B3}"
EndProject
Project("{FAE04EC0-301F-11D3-BF4B-00C04F79EFBC}") = "MPDConnectLibrary", "MPDConnectLibrary\MPDConnectLibrary.csproj", "{38EF3C1D-FE50-41AD-8040-E2056AC91820}"
EndProject
Global
	GlobalSection(SolutionConfigurationPlatforms) = preSolution
		Debug|Any CPU = Debug|Any CPU
		Release|Any CPU = Release|Any CPU
	EndGlobalSection
	GlobalSection(ProjectConfigurationPlatforms) = postSolution
		{4690AB5E-B2D0-4B60-9B7B-DF055041A167}.Debug|Any CPU.ActiveCfg = Debug|Any CPU
		{4690AB5E-B2D0-4B60-9B7B-DF055041A167}.Debug|Any CPU.Build.0 = Debug|Any CPU
		{4690AB5E-B2D0-4B60-9B7B-DF055041A167}.Debug|Any CPU.Deploy.0 = Debug|Any CPU
		{4690AB5E-B2D0-4B60-9B7B-DF055041A167}.Release|Any CPU.ActiveCfg = Release|Any CPU
		{4690AB5E-B2D0-4B60-9B7B-DF055041A167}.Release|Any CPU.Build.0 = Release|Any CPU
		{4690AB5E-B2D0-4B60-9B7B-DF055041A167}.Release|Any CPU.Deploy.0 = Release|Any CPU
		{93EB8C01-AE9D-4FB6-8BC2-F5DDB57D9428}.Debug|Any CPU.ActiveCfg = Debug|Any CPU
		{93EB8C01-AE9D-4FB6-8BC2-F5DDB57D9428}.Debug|Any CPU.Build.0 = Debug|Any CPU
		{93EB8C01-AE9D-4FB6-8BC2-F5DDB57D9428}.Release|Any CPU.ActiveCfg = Release|Any CPU
		{93EB8C01-AE9D-4FB6-8BC2-F5DDB57D9428}.Release|Any CPU.Build.0 = Release|Any CPU
		{68075132-1DF7-4D52-A670-F1B11C1418B3}.Debug|Any CPU.ActiveCfg = Debug|Any CPU
		{68075132-1DF7-4D52-A670-F1B11C1418B3}.Debug|Any CPU.Build.0 = Debug|Any CPU
		{68075132-1DF7-4D52-A670-F1B11C1418B3}.Release|Any CPU.ActiveCfg = Release|Any CPU
		{68075132-1DF7-4D52-A670-F1B11C1418B3}.Release|Any CPU.Build.0 = Release|Any CPU
		{38EF3C1D-FE50-41AD-8040-E2056AC91820}.Debug|Any CPU.ActiveCfg = Debug|Any CPU
		{38EF3C1D-FE50-41AD-8040-E2056AC91820}.Debug|Any CPU.Build.0 = Debug|Any CPU
		{38EF3C1D-FE50-41AD-8040-E2056AC91820}.Release|Any CPU.ActiveCfg = Release|Any CPU
		{38EF3C1D-FE50-41AD-8040-E2056AC91820}.Release|Any CPU.Build.0 = Release|Any CPU
	EndGlobalSection
	GlobalSection(SolutionProperties) = preSolution
		HideSolutionNode = FALSE
	EndGlobalSection
EndGlobal
